
Microsoft Visual Studio Solution File, Format Version 12.00
# Visual Studio Version 17
VisualStudioVersion = 17.0.31903.59
MinimumVisualStudioVersion = 10.0.40219.1
Project("{FAE04EC0-301F-11D3-BF4B-00C04F79EFBC}") = "RiverBooks.Web", "RiverBooks.Web\RiverBooks.Web.csproj", "{5A03FDE6-DEEE-46E3-81CF-EB6BDEF4734D}"
EndProject
Project("{FAE04EC0-301F-11D3-BF4B-00C04F79EFBC}") = "RiverBooks.Books", "RiverBooks.Books\RiverBooks.Books.csproj", "{77890CA8-4E03-40A7-8822-C301C1CD22E3}"
EndProject
Global
	GlobalSection(SolutionConfigurationPlatforms) = preSolution
		Debug|Any CPU = Debug|Any CPU
		Release|Any CPU = Release|Any CPU
	EndGlobalSection
	GlobalSection(SolutionProperties) = preSolution
		HideSolutionNode = FALSE
	EndGlobalSection
	GlobalSection(ProjectConfigurationPlatforms) = postSolution
		{5A03FDE6-DEEE-46E3-81CF-EB6BDEF4734D}.Debug|Any CPU.ActiveCfg = Debug|Any CPU
		{5A03FDE6-DEEE-46E3-81CF-EB6BDEF4734D}.Debug|Any CPU.Build.0 = Debug|Any CPU
		{5A03FDE6-DEEE-46E3-81CF-EB6BDEF4734D}.Release|Any CPU.ActiveCfg = Release|Any CPU
		{5A03FDE6-DEEE-46E3-81CF-EB6BDEF4734D}.Release|Any CPU.Build.0 = Release|Any CPU
		{77890CA8-4E03-40A7-8822-C301C1CD22E3}.Debug|Any CPU.ActiveCfg = Debug|Any CPU
		{77890CA8-4E03-40A7-8822-C301C1CD22E3}.Debug|Any CPU.Build.0 = Debug|Any CPU
		{77890CA8-4E03-40A7-8822-C301C1CD22E3}.Release|Any CPU.ActiveCfg = Release|Any CPU
		{77890CA8-4E03-40A7-8822-C301C1CD22E3}.Release|Any CPU.Build.0 = Release|Any CPU
	EndGlobalSection
EndGlobal
